
Microsoft Visual Studio Solution File, Format Version 12.00
# Visual Studio Version 17
VisualStudioVersion = 17.9.34622.214
MinimumVisualStudioVersion = 10.0.40219.1
Project("{2150E333-8FDC-42A3-9474-1A3956D46DE8}") = "src", "src", "{5C3C9274-8A3A-4700-A13F-DF3E48BE087C}"
EndProject
Project("{2150E333-8FDC-42A3-9474-1A3956D46DE8}") = "tests", "tests", "{16EA78E8-4177-43E0-BC14-74D436D9D3AE}"
EndProject
Project("{9A19103F-16F7-4668-BE54-9A1E7A4F7556}") = "Smart.EventBus", "src\Smart.EventBus\Smart.EventBus.csproj", "{4FE0229F-A7C2-45CB-B91D-2AD6BDAFA6C7}"
EndProject
Project("{9A19103F-16F7-4668-BE54-9A1E7A4F7556}") = "Smart.EventBus.RabbitMQ", "src\Smart.EventBus.RabbitMQ\Smart.EventBus.RabbitMQ.csproj", "{3BFD97CA-28F9-4A89-BC1C-AEFBB74EDBE2}"
EndProject
Project("{2150E333-8FDC-42A3-9474-1A3956D46DE8}") = "samples", "samples", "{51EA2294-E71A-492E-B5BB-79E5574C027D}"
EndProject
Project("{9A19103F-16F7-4668-BE54-9A1E7A4F7556}") = "Sample.Smart.EventBus.RabbitMQ.Publisher", "samples\Sample.Smart.EventBus.RabbitMQ.Publisher\Sample.Smart.EventBus.RabbitMQ.Publisher.csproj", "{EBCB92FF-BE72-44DC-802A-3321E995580D}"
EndProject
Project("{9A19103F-16F7-4668-BE54-9A1E7A4F7556}") = "Sample.Smart.EventBus.RabbitMQ.Consumer", "samples\Sample.Smart.EventBus.RabbitMQ.Consumer\Sample.Smart.EventBus.RabbitMQ.Consumer.csproj", "{282E3C3C-F896-4CC2-A702-2EB95852D93F}"
EndProject
Project("{9A19103F-16F7-4668-BE54-9A1E7A4F7556}") = "Sample.PublishSubscribePattern", "samples\Sample.PublishSubscribePattern\Sample.PublishSubscribePattern.csproj", "{E3189B6B-25F8-426F-A9A0-F091B8911472}"
EndProject
Project("{9A19103F-16F7-4668-BE54-9A1E7A4F7556}") = "Smart.EventBus.Local", "src\Smart.EventBus.Local\Smart.EventBus.Local.csproj", "{9559F982-08EC-4CDD-9833-DC5D6EBF4D48}"
EndProject
Project("{9A19103F-16F7-4668-BE54-9A1E7A4F7556}") = "Sample.Smart.EventBus.Local", "samples\Sample.Smart.EventBus.Local\Sample.Smart.EventBus.Local.csproj", "{F4049F85-7515-49A0-89C5-15A949135283}"
EndProject
Project("{9A19103F-16F7-4668-BE54-9A1E7A4F7556}") = "Sample.Smart.EventBus.RabbitMQ.Message", "samples\Sample.Smart.EventBus.RabbitMQ.Message\Sample.Smart.EventBus.RabbitMQ.Message.csproj", "{D880CB5E-09FE-4F43-B4E1-07724F155054}"
EndProject
Project("{FAE04EC0-301F-11D3-BF4B-00C04F79EFBC}") = "Smart.Ddd.Domain", "src\Smart.Ddd.Domain\Smart.Ddd.Domain.csproj", "{920D973B-A4B1-4519-A764-4045C7A22383}"
EndProject
Project("{FAE04EC0-301F-11D3-BF4B-00C04F79EFBC}") = "Smart.Ddd.Domain.EntityFrameworkCore", "src\Smart.Ddd.Domain.EntityFrameworkCore\Smart.Ddd.Domain.EntityFrameworkCore.csproj", "{84A6D0F1-9EF1-47B4-88BE-66BEB587EAA1}"
EndProject
Project("{FAE04EC0-301F-11D3-BF4B-00C04F79EFBC}") = "Smart.Ddd.Domain.EntityFrameworkCore.MySQL", "src\Smart.Ddd.Domain.EntityFrameworkCore.MySQL\Smart.Ddd.Domain.EntityFrameworkCore.MySQL.csproj", "{46B3747D-FCF9-4D76-B453-E8F74B7AEF6C}"
EndProject
Global
	GlobalSection(SolutionConfigurationPlatforms) = preSolution
		Debug|Any CPU = Debug|Any CPU
		Release|Any CPU = Release|Any CPU
	EndGlobalSection
	GlobalSection(ProjectConfigurationPlatforms) = postSolution
		{4FE0229F-A7C2-45CB-B91D-2AD6BDAFA6C7}.Debug|Any CPU.ActiveCfg = Debug|Any CPU
		{4FE0229F-A7C2-45CB-B91D-2AD6BDAFA6C7}.Debug|Any CPU.Build.0 = Debug|Any CPU
		{4FE0229F-A7C2-45CB-B91D-2AD6BDAFA6C7}.Release|Any CPU.ActiveCfg = Release|Any CPU
		{4FE0229F-A7C2-45CB-B91D-2AD6BDAFA6C7}.Release|Any CPU.Build.0 = Release|Any CPU
		{3BFD97CA-28F9-4A89-BC1C-AEFBB74EDBE2}.Debug|Any CPU.ActiveCfg = Debug|Any CPU
		{3BFD97CA-28F9-4A89-BC1C-AEFBB74EDBE2}.Debug|Any CPU.Build.0 = Debug|Any CPU
		{3BFD97CA-28F9-4A89-BC1C-AEFBB74EDBE2}.Release|Any CPU.ActiveCfg = Release|Any CPU
		{3BFD97CA-28F9-4A89-BC1C-AEFBB74EDBE2}.Release|Any CPU.Build.0 = Release|Any CPU
		{EBCB92FF-BE72-44DC-802A-3321E995580D}.Debug|Any CPU.ActiveCfg = Debug|Any CPU
		{EBCB92FF-BE72-44DC-802A-3321E995580D}.Debug|Any CPU.Build.0 = Debug|Any CPU
		{EBCB92FF-BE72-44DC-802A-3321E995580D}.Release|Any CPU.ActiveCfg = Release|Any CPU
		{EBCB92FF-BE72-44DC-802A-3321E995580D}.Release|Any CPU.Build.0 = Release|Any CPU
		{282E3C3C-F896-4CC2-A702-2EB95852D93F}.Debug|Any CPU.ActiveCfg = Debug|Any CPU
		{282E3C3C-F896-4CC2-A702-2EB95852D93F}.Debug|Any CPU.Build.0 = Debug|Any CPU
		{282E3C3C-F896-4CC2-A702-2EB95852D93F}.Release|Any CPU.ActiveCfg = Release|Any CPU
		{282E3C3C-F896-4CC2-A702-2EB95852D93F}.Release|Any CPU.Build.0 = Release|Any CPU
		{E3189B6B-25F8-426F-A9A0-F091B8911472}.Debug|Any CPU.ActiveCfg = Debug|Any CPU
		{E3189B6B-25F8-426F-A9A0-F091B8911472}.Debug|Any CPU.Build.0 = Debug|Any CPU
		{E3189B6B-25F8-426F-A9A0-F091B8911472}.Release|Any CPU.ActiveCfg = Release|Any CPU
		{E3189B6B-25F8-426F-A9A0-F091B8911472}.Release|Any CPU.Build.0 = Release|Any CPU
		{9559F982-08EC-4CDD-9833-DC5D6EBF4D48}.Debug|Any CPU.ActiveCfg = Debug|Any CPU
		{9559F982-08EC-4CDD-9833-DC5D6EBF4D48}.Debug|Any CPU.Build.0 = Debug|Any CPU
		{9559F982-08EC-4CDD-9833-DC5D6EBF4D48}.Release|Any CPU.ActiveCfg = Release|Any CPU
		{9559F982-08EC-4CDD-9833-DC5D6EBF4D48}.Release|Any CPU.Build.0 = Release|Any CPU
		{F4049F85-7515-49A0-89C5-15A949135283}.Debug|Any CPU.ActiveCfg = Debug|Any CPU
		{F4049F85-7515-49A0-89C5-15A949135283}.Debug|Any CPU.Build.0 = Debug|Any CPU
		{F4049F85-7515-49A0-89C5-15A949135283}.Release|Any CPU.ActiveCfg = Release|Any CPU
		{F4049F85-7515-49A0-89C5-15A949135283}.Release|Any CPU.Build.0 = Release|Any CPU
		{D880CB5E-09FE-4F43-B4E1-07724F155054}.Debug|Any CPU.ActiveCfg = Debug|Any CPU
		{D880CB5E-09FE-4F43-B4E1-07724F155054}.Debug|Any CPU.Build.0 = Debug|Any CPU
		{D880CB5E-09FE-4F43-B4E1-07724F155054}.Release|Any CPU.ActiveCfg = Release|Any CPU
		{D880CB5E-09FE-4F43-B4E1-07724F155054}.Release|Any CPU.Build.0 = Release|Any CPU
		{920D973B-A4B1-4519-A764-4045C7A22383}.Debug|Any CPU.ActiveCfg = Debug|Any CPU
		{920D973B-A4B1-4519-A764-4045C7A22383}.Debug|Any CPU.Build.0 = Debug|Any CPU
		{920D973B-A4B1-4519-A764-4045C7A22383}.Release|Any CPU.ActiveCfg = Release|Any CPU
		{920D973B-A4B1-4519-A764-4045C7A22383}.Release|Any CPU.Build.0 = Release|Any CPU
		{84A6D0F1-9EF1-47B4-88BE-66BEB587EAA1}.Debug|Any CPU.ActiveCfg = Debug|Any CPU
		{84A6D0F1-9EF1-47B4-88BE-66BEB587EAA1}.Debug|Any CPU.Build.0 = Debug|Any CPU
		{84A6D0F1-9EF1-47B4-88BE-66BEB587EAA1}.Release|Any CPU.ActiveCfg = Release|Any CPU
		{84A6D0F1-9EF1-47B4-88BE-66BEB587EAA1}.Release|Any CPU.Build.0 = Release|Any CPU
		{46B3747D-FCF9-4D76-B453-E8F74B7AEF6C}.Debug|Any CPU.ActiveCfg = Debug|Any CPU
		{46B3747D-FCF9-4D76-B453-E8F74B7AEF6C}.Debug|Any CPU.Build.0 = Debug|Any CPU
		{46B3747D-FCF9-4D76-B453-E8F74B7AEF6C}.Release|Any CPU.ActiveCfg = Release|Any CPU
		{46B3747D-FCF9-4D76-B453-E8F74B7AEF6C}.Release|Any CPU.Build.0 = Release|Any CPU
	EndGlobalSection
	GlobalSection(SolutionProperties) = preSolution
		HideSolutionNode = FALSE
	EndGlobalSection
	GlobalSection(NestedProjects) = preSolution
		{4FE0229F-A7C2-45CB-B91D-2AD6BDAFA6C7} = {5C3C9274-8A3A-4700-A13F-DF3E48BE087C}
		{3BFD97CA-28F9-4A89-BC1C-AEFBB74EDBE2} = {5C3C9274-8A3A-4700-A13F-DF3E48BE087C}
		{EBCB92FF-BE72-44DC-802A-3321E995580D} = {51EA2294-E71A-492E-B5BB-79E5574C027D}
		{282E3C3C-F896-4CC2-A702-2EB95852D93F} = {51EA2294-E71A-492E-B5BB-79E5574C027D}
		{E3189B6B-25F8-426F-A9A0-F091B8911472} = {51EA2294-E71A-492E-B5BB-79E5574C027D}
		{9559F982-08EC-4CDD-9833-DC5D6EBF4D48} = {5C3C9274-8A3A-4700-A13F-DF3E48BE087C}
		{F4049F85-7515-49A0-89C5-15A949135283} = {51EA2294-E71A-492E-B5BB-79E5574C027D}
		{D880CB5E-09FE-4F43-B4E1-07724F155054} = {51EA2294-E71A-492E-B5BB-79E5574C027D}
		{920D973B-A4B1-4519-A764-4045C7A22383} = {5C3C9274-8A3A-4700-A13F-DF3E48BE087C}
		{84A6D0F1-9EF1-47B4-88BE-66BEB587EAA1} = {5C3C9274-8A3A-4700-A13F-DF3E48BE087C}
		{46B3747D-FCF9-4D76-B453-E8F74B7AEF6C} = {5C3C9274-8A3A-4700-A13F-DF3E48BE087C}
	EndGlobalSection
	GlobalSection(ExtensibilityGlobals) = postSolution
		SolutionGuid = {4F9930CD-A1D0-4204-A90D-5221EA216F8B}
	EndGlobalSection
EndGlobal
